
Microsoft Visual Studio Solution File, Format Version 12.00
# Visual Studio 15
VisualStudioVersion = 15.0.27428.2043
MinimumVisualStudioVersion = 10.0.40219.1
Project("{FAE04EC0-301F-11D3-BF4B-00C04F79EFBC}") = "TEST.MVC.Web", "TEST.MVC\TEST.MVC.Web.csproj", "{A5663312-659B-4C0E-9625-1AF4B618939F}"
EndProject
Project("{2150E333-8FDC-42A3-9474-1A3956D46DE8}") = "UI", "UI", "{6ED77CF9-73BE-49B6-9AD7-D8C734162C05}"
EndProject
Project("{2150E333-8FDC-42A3-9474-1A3956D46DE8}") = "DAL", "DAL", "{B4C27BA8-08B0-48B7-A95C-E597C9EAC5F2}"
EndProject
Project("{2150E333-8FDC-42A3-9474-1A3956D46DE8}") = "BLL", "BLL", "{814949A3-2DCA-4B3B-8132-761FC62E3D21}"
EndProject
Project("{2150E333-8FDC-42A3-9474-1A3956D46DE8}") = "Model", "Model", "{BB58E86E-ACDF-4266-8542-680E14D99E7F}"
EndProject
Project("{2150E333-8FDC-42A3-9474-1A3956D46DE8}") = "Common", "Common", "{CA0B83EF-BB71-44CB-BC29-3E2FA043A6DF}"
EndProject
Project("{2150E333-8FDC-42A3-9474-1A3956D46DE8}") = "Database", "Database", "{E09C41C6-5ED4-4049-BEEA-F47D7B2C22A9}"
EndProject
Project("{00D1A9C2-B5F0-4AF3-8072-F6C62B433612}") = "TEST.MVC.Database", "TEST.MVC.Database\TEST.MVC.Database.sqlproj", "{8CB3C296-231E-4A65-9ABF-2621F247DBF8}"
EndProject
Project("{FAE04EC0-301F-11D3-BF4B-00C04F79EFBC}") = "TEST.MVC.Model", "TEST.MVC.Model\TEST.MVC.Model.csproj", "{725C9094-2118-4A30-86E5-BA87590373FF}"
EndProject
Project("{2150E333-8FDC-42A3-9474-1A3956D46DE8}") = "Test", "Test", "{AB810784-EEAB-4054-AA16-A9FDC830C269}"
EndProject
Project("{FAE04EC0-301F-11D3-BF4B-00C04F79EFBC}") = "TEST.MVC.Test", "TEST.MVC.Test\TEST.MVC.Test.csproj", "{DE0B5E37-5351-435F-8BD3-B04D6C35BB81}"
EndProject
Project("{FAE04EC0-301F-11D3-BF4B-00C04F79EFBC}") = "TEST.MVC.DAL", "TEST.MVC.DAL\TEST.MVC.DAL.csproj", "{EEB4024A-56A8-4D07-9C24-33DAD35A7979}"
EndProject
Project("{FAE04EC0-301F-11D3-BF4B-00C04F79EFBC}") = "TEST.MVC.IDAL", "TEST.MVC.IDAL\TEST.MVC.IDAL.csproj", "{49DBF1A2-72AE-4E96-9233-F20B5CA36DC7}"
EndProject
Project("{FAE04EC0-301F-11D3-BF4B-00C04F79EFBC}") = "TEST.MVC.DALContainer", "TEST.MVC.DALContainer\TEST.MVC.DALContainer.csproj", "{4AB204AC-B141-4EF2-87C1-EE8A26D625C2}"
EndProject
Project("{FAE04EC0-301F-11D3-BF4B-00C04F79EFBC}") = "TEST.MVC.BLL", "TEST.MVC.BLL\TEST.MVC.BLL.csproj", "{FB91D459-75B6-46A7-9D73-CD9ADE8A91D5}"
EndProject
Project("{FAE04EC0-301F-11D3-BF4B-00C04F79EFBC}") = "TEST.MVC.IBLL", "TEST.MVC.IBLL\TEST.MVC.IBLL.csproj", "{A8D43710-9F0F-446C-BB6D-62BE1A20E097}"
EndProject
Project("{FAE04EC0-301F-11D3-BF4B-00C04F79EFBC}") = "TEST.MVC.BLLContainer", "TEST.MVC.BLLContainer\TEST.MVC.BLLContainer.csproj", "{72A9A482-BD59-4CFA-A1F3-CAB074872356}"
EndProject
Project("{FAE04EC0-301F-11D3-BF4B-00C04F79EFBC}") = "TEST.MVC.Common", "TEST.MVC.Common\TEST.MVC.Common.csproj", "{0A3C4FD6-D76F-48C4-A453-EA8877F598E4}"
EndProject
Global
	GlobalSection(SolutionConfigurationPlatforms) = preSolution
		Debug|Any CPU = Debug|Any CPU
		Release|Any CPU = Release|Any CPU
	EndGlobalSection
	GlobalSection(ProjectConfigurationPlatforms) = postSolution
		{A5663312-659B-4C0E-9625-1AF4B618939F}.Debug|Any CPU.ActiveCfg = Debug|Any CPU
		{A5663312-659B-4C0E-9625-1AF4B618939F}.Debug|Any CPU.Build.0 = Debug|Any CPU
		{A5663312-659B-4C0E-9625-1AF4B618939F}.Release|Any CPU.ActiveCfg = Release|Any CPU
		{A5663312-659B-4C0E-9625-1AF4B618939F}.Release|Any CPU.Build.0 = Release|Any CPU
		{8CB3C296-231E-4A65-9ABF-2621F247DBF8}.Debug|Any CPU.ActiveCfg = Debug|Any CPU
		{8CB3C296-231E-4A65-9ABF-2621F247DBF8}.Debug|Any CPU.Build.0 = Debug|Any CPU
		{8CB3C296-231E-4A65-9ABF-2621F247DBF8}.Debug|Any CPU.Deploy.0 = Debug|Any CPU
		{8CB3C296-231E-4A65-9ABF-2621F247DBF8}.Release|Any CPU.ActiveCfg = Release|Any CPU
		{8CB3C296-231E-4A65-9ABF-2621F247DBF8}.Release|Any CPU.Build.0 = Release|Any CPU
		{8CB3C296-231E-4A65-9ABF-2621F247DBF8}.Release|Any CPU.Deploy.0 = Release|Any CPU
		{725C9094-2118-4A30-86E5-BA87590373FF}.Debug|Any CPU.ActiveCfg = Debug|Any CPU
		{725C9094-2118-4A30-86E5-BA87590373FF}.Debug|Any CPU.Build.0 = Debug|Any CPU
		{725C9094-2118-4A30-86E5-BA87590373FF}.Release|Any CPU.ActiveCfg = Release|Any CPU
		{725C9094-2118-4A30-86E5-BA87590373FF}.Release|Any CPU.Build.0 = Release|Any CPU
		{DE0B5E37-5351-435F-8BD3-B04D6C35BB81}.Debug|Any CPU.ActiveCfg = Debug|Any CPU
		{DE0B5E37-5351-435F-8BD3-B04D6C35BB81}.Debug|Any CPU.Build.0 = Debug|Any CPU
		{DE0B5E37-5351-435F-8BD3-B04D6C35BB81}.Release|Any CPU.ActiveCfg = Release|Any CPU
		{DE0B5E37-5351-435F-8BD3-B04D6C35BB81}.Release|Any CPU.Build.0 = Release|Any CPU
		{EEB4024A-56A8-4D07-9C24-33DAD35A7979}.Debug|Any CPU.ActiveCfg = Debug|Any CPU
		{EEB4024A-56A8-4D07-9C24-33DAD35A7979}.Debug|Any CPU.Build.0 = Debug|Any CPU
		{EEB4024A-56A8-4D07-9C24-33DAD35A7979}.Release|Any CPU.ActiveCfg = Release|Any CPU
		{EEB4024A-56A8-4D07-9C24-33DAD35A7979}.Release|Any CPU.Build.0 = Release|Any CPU
		{49DBF1A2-72AE-4E96-9233-F20B5CA36DC7}.Debug|Any CPU.ActiveCfg = Debug|Any CPU
		{49DBF1A2-72AE-4E96-9233-F20B5CA36DC7}.Debug|Any CPU.Build.0 = Debug|Any CPU
		{49DBF1A2-72AE-4E96-9233-F20B5CA36DC7}.Release|Any CPU.ActiveCfg = Release|Any CPU
		{49DBF1A2-72AE-4E96-9233-F20B5CA36DC7}.Release|Any CPU.Build.0 = Release|Any CPU
		{4AB204AC-B141-4EF2-87C1-EE8A26D625C2}.Debug|Any CPU.ActiveCfg = Debug|Any CPU
		{4AB204AC-B141-4EF2-87C1-EE8A26D625C2}.Debug|Any CPU.Build.0 = Debug|Any CPU
		{4AB204AC-B141-4EF2-87C1-EE8A26D625C2}.Release|Any CPU.ActiveCfg = Release|Any CPU
		{4AB204AC-B141-4EF2-87C1-EE8A26D625C2}.Release|Any CPU.Build.0 = Release|Any CPU
		{FB91D459-75B6-46A7-9D73-CD9ADE8A91D5}.Debug|Any CPU.ActiveCfg = Debug|Any CPU
		{FB91D459-75B6-46A7-9D73-CD9ADE8A91D5}.Debug|Any CPU.Build.0 = Debug|Any CPU
		{FB91D459-75B6-46A7-9D73-CD9ADE8A91D5}.Release|Any CPU.ActiveCfg = Release|Any CPU
		{FB91D459-75B6-46A7-9D73-CD9ADE8A91D5}.Release|Any CPU.Build.0 = Release|Any CPU
		{A8D43710-9F0F-446C-BB6D-62BE1A20E097}.Debug|Any CPU.ActiveCfg = Debug|Any CPU
		{A8D43710-9F0F-446C-BB6D-62BE1A20E097}.Debug|Any CPU.Build.0 = Debug|Any CPU
		{A8D43710-9F0F-446C-BB6D-62BE1A20E097}.Release|Any CPU.ActiveCfg = Release|Any CPU
		{A8D43710-9F0F-446C-BB6D-62BE1A20E097}.Release|Any CPU.Build.0 = Release|Any CPU
		{72A9A482-BD59-4CFA-A1F3-CAB074872356}.Debug|Any CPU.ActiveCfg = Debug|Any CPU
		{72A9A482-BD59-4CFA-A1F3-CAB074872356}.Debug|Any CPU.Build.0 = Debug|Any CPU
		{72A9A482-BD59-4CFA-A1F3-CAB074872356}.Release|Any CPU.ActiveCfg = Release|Any CPU
		{72A9A482-BD59-4CFA-A1F3-CAB074872356}.Release|Any CPU.Build.0 = Release|Any CPU
		{0A3C4FD6-D76F-48C4-A453-EA8877F598E4}.Debug|Any CPU.ActiveCfg = Debug|Any CPU
		{0A3C4FD6-D76F-48C4-A453-EA8877F598E4}.Debug|Any CPU.Build.0 = Debug|Any CPU
		{0A3C4FD6-D76F-48C4-A453-EA8877F598E4}.Release|Any CPU.ActiveCfg = Release|Any CPU
		{0A3C4FD6-D76F-48C4-A453-EA8877F598E4}.Release|Any CPU.Build.0 = Release|Any CPU
	EndGlobalSection
	GlobalSection(SolutionProperties) = preSolution
		HideSolutionNode = FALSE
	EndGlobalSection
	GlobalSection(NestedProjects) = preSolution
		{A5663312-659B-4C0E-9625-1AF4B618939F} = {6ED77CF9-73BE-49B6-9AD7-D8C734162C05}
		{8CB3C296-231E-4A65-9ABF-2621F247DBF8} = {E09C41C6-5ED4-4049-BEEA-F47D7B2C22A9}
		{725C9094-2118-4A30-86E5-BA87590373FF} = {BB58E86E-ACDF-4266-8542-680E14D99E7F}
		{DE0B5E37-5351-435F-8BD3-B04D6C35BB81} = {AB810784-EEAB-4054-AA16-A9FDC830C269}
		{EEB4024A-56A8-4D07-9C24-33DAD35A7979} = {B4C27BA8-08B0-48B7-A95C-E597C9EAC5F2}
		{49DBF1A2-72AE-4E96-9233-F20B5CA36DC7} = {B4C27BA8-08B0-48B7-A95C-E597C9EAC5F2}
		{4AB204AC-B141-4EF2-87C1-EE8A26D625C2} = {B4C27BA8-08B0-48B7-A95C-E597C9EAC5F2}
		{FB91D459-75B6-46A7-9D73-CD9ADE8A91D5} = {814949A3-2DCA-4B3B-8132-761FC62E3D21}
		{A8D43710-9F0F-446C-BB6D-62BE1A20E097} = {814949A3-2DCA-4B3B-8132-761FC62E3D21}
		{72A9A482-BD59-4CFA-A1F3-CAB074872356} = {814949A3-2DCA-4B3B-8132-761FC62E3D21}
		{0A3C4FD6-D76F-48C4-A453-EA8877F598E4} = {CA0B83EF-BB71-44CB-BC29-3E2FA043A6DF}
	EndGlobalSection
	GlobalSection(ExtensibilityGlobals) = postSolution
		SolutionGuid = {BD0FC4BA-371A-4008-9DE6-1554EBB4759A}
	EndGlobalSection
EndGlobal
